
Microsoft Visual Studio Solution File, Format Version 12.00
# Visual Studio Version 16
VisualStudioVersion = 16.0.32002.261
MinimumVisualStudioVersion = 10.0.40219.1
Project("{FAE04EC0-301F-11D3-BF4B-00C04F79EFBC}") = "MissionOneWebApp", "MissionOneWebApp\MissionOneWebApp.csproj", "{4088FE8D-72B1-4847-A3BE-812743EBA236}"
EndProject
Global
	GlobalSection(SolutionConfigurationPlatforms) = preSolution
		Debug|Any CPU = Debug|Any CPU
		Release|Any CPU = Release|Any CPU
	EndGlobalSection
	GlobalSection(ProjectConfigurationPlatforms) = postSolution
		{4088FE8D-72B1-4847-A3BE-812743EBA236}.Debug|Any CPU.ActiveCfg = Debug|Any CPU
		{4088FE8D-72B1-4847-A3BE-812743EBA236}.Debug|Any CPU.Build.0 = Debug|Any CPU
		{4088FE8D-72B1-4847-A3BE-812743EBA236}.Release|Any CPU.ActiveCfg = Release|Any CPU
		{4088FE8D-72B1-4847-A3BE-812743EBA236}.Release|Any CPU.Build.0 = Release|Any CPU
	EndGlobalSection
	GlobalSection(SolutionProperties) = preSolution
		HideSolutionNode = FALSE
	EndGlobalSection
	GlobalSection(ExtensibilityGlobals) = postSolution
		SolutionGuid = {38CEB9D9-289C-4319-A3D2-857EFBBF166C}
	EndGlobalSection
EndGlobal
